
Microsoft Visual Studio Solution File, Format Version 12.00
# Visual Studio Version 16
VisualStudioVersion = 16.0.31729.503
MinimumVisualStudioVersion = 10.0.40219.1
Project("{FAE04EC0-301F-11D3-BF4B-00C04F79EFBC}") = "SpooksCliV2", "SpooksCliV2\SpooksCliV2.csproj", "{059638FE-042D-40DE-B28D-203066CD18CD}"
EndProject
Global
	GlobalSection(SolutionConfigurationPlatforms) = preSolution
		Debug|Any CPU = Debug|Any CPU
		Release|Any CPU = Release|Any CPU
	EndGlobalSection
	GlobalSection(ProjectConfigurationPlatforms) = postSolution
		{059638FE-042D-40DE-B28D-203066CD18CD}.Debug|Any CPU.ActiveCfg = Debug|Any CPU
		{059638FE-042D-40DE-B28D-203066CD18CD}.Debug|Any CPU.Build.0 = Debug|Any CPU
		{059638FE-042D-40DE-B28D-203066CD18CD}.Release|Any CPU.ActiveCfg = Release|Any CPU
		{059638FE-042D-40DE-B28D-203066CD18CD}.Release|Any CPU.Build.0 = Release|Any CPU
	EndGlobalSection
	GlobalSection(SolutionProperties) = preSolution
		HideSolutionNode = FALSE
	EndGlobalSection
	GlobalSection(ExtensibilityGlobals) = postSolution
		SolutionGuid = {7D15CD1B-81C4-4107-9EF4-5BB02C84666C}
	EndGlobalSection
EndGlobal
