
Microsoft Visual Studio Solution File, Format Version 12.00
# Visual Studio Version 16
VisualStudioVersion = 16.0.31729.503
MinimumVisualStudioVersion = 10.0.40219.1
Project("{FAE04EC0-301F-11D3-BF4B-00C04F79EFBC}") = "spolks_lab1_Server", "spolks_lab1_Server\spolks_lab1_Server.csproj", "{C1C36DAE-37AE-45AD-8F82-5962510FF589}"
EndProject
Global
	GlobalSection(SolutionConfigurationPlatforms) = preSolution
		Debug|Any CPU = Debug|Any CPU
		Release|Any CPU = Release|Any CPU
	EndGlobalSection
	GlobalSection(ProjectConfigurationPlatforms) = postSolution
		{C1C36DAE-37AE-45AD-8F82-5962510FF589}.Debug|Any CPU.ActiveCfg = Debug|Any CPU
		{C1C36DAE-37AE-45AD-8F82-5962510FF589}.Debug|Any CPU.Build.0 = Debug|Any CPU
		{C1C36DAE-37AE-45AD-8F82-5962510FF589}.Release|Any CPU.ActiveCfg = Release|Any CPU
		{C1C36DAE-37AE-45AD-8F82-5962510FF589}.Release|Any CPU.Build.0 = Release|Any CPU
	EndGlobalSection
	GlobalSection(SolutionProperties) = preSolution
		HideSolutionNode = FALSE
	EndGlobalSection
	GlobalSection(ExtensibilityGlobals) = postSolution
		SolutionGuid = {4CCCE230-6DD4-4E26-A54D-70E2D04C5C87}
	EndGlobalSection
EndGlobal
